
Microsoft Visual Studio Solution File, Format Version 12.00
# Visual Studio Version 17
VisualStudioVersion = 17.12.35707.178
MinimumVisualStudioVersion = 10.0.40219.1
Project("{FAE04EC0-301F-11D3-BF4B-00C04F79EFBC}") = "HttpListener", "HttpListener\HttpListener.csproj", "{7C0B25D4-532C-44DA-BF59-952269022D40}"
EndProject
Project("{FAE04EC0-301F-11D3-BF4B-00C04F79EFBC}") = "TcpListener", "TcpListener\TcpListener.csproj", "{3D7EC3B1-3EF4-4AAB-8441-3AB0123DD543}"
EndProject
Project("{FAE04EC0-301F-11D3-BF4B-00C04F79EFBC}") = "HealthChecks.ASP.NET", "HealthChecks.ASP.NET\HealthChecks.ASP.NET.csproj", "{D5E1A1CA-030D-498F-A721-EAF76894C97D}"
EndProject
Project("{FAE04EC0-301F-11D3-BF4B-00C04F79EFBC}") = "MyHealthCheckLib", "MyHealthCheckLib\MyHealthCheckLib.csproj", "{FF2F645F-820F-4932-A3D5-9225113AD25F}"
EndProject
Project("{FAE04EC0-301F-11D3-BF4B-00C04F79EFBC}") = "MyHealthCheck", "MyHealthCheck\MyHealthCheck.csproj", "{A08346A0-33A1-4EFB-97F4-3A3ACE0AE477}"
EndProject
Project("{2150E333-8FDC-42A3-9474-1A3956D46DE8}") = "MyHealth", "MyHealth", "{76C018E6-775C-4E92-84DF-9DA5BCB2F0E9}"
EndProject
Global
	GlobalSection(SolutionConfigurationPlatforms) = preSolution
		Debug|Any CPU = Debug|Any CPU
		Release|Any CPU = Release|Any CPU
	EndGlobalSection
	GlobalSection(ProjectConfigurationPlatforms) = postSolution
		{7C0B25D4-532C-44DA-BF59-952269022D40}.Debug|Any CPU.ActiveCfg = Debug|Any CPU
		{7C0B25D4-532C-44DA-BF59-952269022D40}.Debug|Any CPU.Build.0 = Debug|Any CPU
		{7C0B25D4-532C-44DA-BF59-952269022D40}.Release|Any CPU.ActiveCfg = Release|Any CPU
		{7C0B25D4-532C-44DA-BF59-952269022D40}.Release|Any CPU.Build.0 = Release|Any CPU
		{3D7EC3B1-3EF4-4AAB-8441-3AB0123DD543}.Debug|Any CPU.ActiveCfg = Debug|Any CPU
		{3D7EC3B1-3EF4-4AAB-8441-3AB0123DD543}.Debug|Any CPU.Build.0 = Debug|Any CPU
		{3D7EC3B1-3EF4-4AAB-8441-3AB0123DD543}.Release|Any CPU.ActiveCfg = Release|Any CPU
		{3D7EC3B1-3EF4-4AAB-8441-3AB0123DD543}.Release|Any CPU.Build.0 = Release|Any CPU
		{D5E1A1CA-030D-498F-A721-EAF76894C97D}.Debug|Any CPU.ActiveCfg = Debug|Any CPU
		{D5E1A1CA-030D-498F-A721-EAF76894C97D}.Debug|Any CPU.Build.0 = Debug|Any CPU
		{D5E1A1CA-030D-498F-A721-EAF76894C97D}.Release|Any CPU.ActiveCfg = Release|Any CPU
		{D5E1A1CA-030D-498F-A721-EAF76894C97D}.Release|Any CPU.Build.0 = Release|Any CPU
		{FF2F645F-820F-4932-A3D5-9225113AD25F}.Debug|Any CPU.ActiveCfg = Debug|Any CPU
		{FF2F645F-820F-4932-A3D5-9225113AD25F}.Debug|Any CPU.Build.0 = Debug|Any CPU
		{FF2F645F-820F-4932-A3D5-9225113AD25F}.Release|Any CPU.ActiveCfg = Release|Any CPU
		{FF2F645F-820F-4932-A3D5-9225113AD25F}.Release|Any CPU.Build.0 = Release|Any CPU
		{A08346A0-33A1-4EFB-97F4-3A3ACE0AE477}.Debug|Any CPU.ActiveCfg = Debug|Any CPU
		{A08346A0-33A1-4EFB-97F4-3A3ACE0AE477}.Debug|Any CPU.Build.0 = Debug|Any CPU
		{A08346A0-33A1-4EFB-97F4-3A3ACE0AE477}.Release|Any CPU.ActiveCfg = Release|Any CPU
		{A08346A0-33A1-4EFB-97F4-3A3ACE0AE477}.Release|Any CPU.Build.0 = Release|Any CPU
	EndGlobalSection
	GlobalSection(SolutionProperties) = preSolution
		HideSolutionNode = FALSE
	EndGlobalSection
	GlobalSection(NestedProjects) = preSolution
		{FF2F645F-820F-4932-A3D5-9225113AD25F} = {76C018E6-775C-4E92-84DF-9DA5BCB2F0E9}
		{A08346A0-33A1-4EFB-97F4-3A3ACE0AE477} = {76C018E6-775C-4E92-84DF-9DA5BCB2F0E9}
	EndGlobalSection
EndGlobal
